{
    "_meta": {
        "hash": {
            "sha256": "c05802b9c3bc4bde73310077750d929d0184b91c4fcf289eadcb76f343890607"
        },
        "pipfile-spec": 6,
        "requires": {
            "python_version": "3.9"
        },
        "sources": [
            {
                "name": "pypi",
                "url": "https://pypi.org/simple",
                "verify_ssl": true
            }
        ]
    },
    "default": {
        "slack-bolt": {
            "hashes": [
                "sha256:3a608747fa0b2b189e231b0c664cf22afaca3ac6a802c12787684c07a7ece0d1",
                "sha256:b600ae6df942176262b93beb118036db10f7de4539cff41d3299c13101c7aa99"
            ],
            "index": "pypi",
            "version": "==1.6.0"
        },
        "slack-sdk": {
            "hashes": [
                "sha256:4d3f9f1a984fe828260010fc66ebcd1aeb63b78e6e47d366a9e7177ccc529e84",
                "sha256:8ceb46f7989d2ba1694dec8555dbda7f750b9216e453da4ad3e32a498bc9ea9a"
            ],
            "markers": "python_version >= '3.6'",
            "version": "==3.5.1"
        }
    },
    "develop": {
        "slack-bolt": {
            "hashes": [
                "sha256:3a608747fa0b2b189e231b0c664cf22afaca3ac6a802c12787684c07a7ece0d1",
                "sha256:b600ae6df942176262b93beb118036db10f7de4539cff41d3299c13101c7aa99"
            ],
            "index": "pypi",
            "version": "==1.6.0"
        },
        "slack-sdk": {
            "hashes": [
                "sha256:4d3f9f1a984fe828260010fc66ebcd1aeb63b78e6e47d366a9e7177ccc529e84",
                "sha256:8ceb46f7989d2ba1694dec8555dbda7f750b9216e453da4ad3e32a498bc9ea9a"
            ],
            "markers": "python_version >= '3.6'",
            "version": "==3.5.1"
        }
    }
}
